
Microsoft Visual Studio Solution File, Format Version 12.00
# Visual Studio Version 17
VisualStudioVersion = 17.1.32228.430
MinimumVisualStudioVersion = 10.0.40219.1
Project("{FAE04EC0-301F-11D3-BF4B-00C04F79EFBC}") = "PaginationEFCore", "PaginationEFCore\PaginationEFCore.csproj", "{EBB8ADDD-3386-47D2-8425-40286365E975}"
EndProject
Global
	GlobalSection(SolutionConfigurationPlatforms) = preSolution
		Debug|Any CPU = Debug|Any CPU
		Release|Any CPU = Release|Any CPU
	EndGlobalSection
	GlobalSection(ProjectConfigurationPlatforms) = postSolution
		{EBB8ADDD-3386-47D2-8425-40286365E975}.Debug|Any CPU.ActiveCfg = Debug|Any CPU
		{EBB8ADDD-3386-47D2-8425-40286365E975}.Debug|Any CPU.Build.0 = Debug|Any CPU
		{EBB8ADDD-3386-47D2-8425-40286365E975}.Release|Any CPU.ActiveCfg = Release|Any CPU
		{EBB8ADDD-3386-47D2-8425-40286365E975}.Release|Any CPU.Build.0 = Release|Any CPU
	EndGlobalSection
	GlobalSection(SolutionProperties) = preSolution
		HideSolutionNode = FALSE
	EndGlobalSection
	GlobalSection(ExtensibilityGlobals) = postSolution
		SolutionGuid = {21B9AE97-704E-4A57-9F73-F5A89793615B}
	EndGlobalSection
EndGlobal
